
Microsoft Visual Studio Solution File, Format Version 12.00
# Visual Studio Version 17
VisualStudioVersion = 17.11.35327.3
MinimumVisualStudioVersion = 10.0.40219.1
Project("{FAE04EC0-301F-11D3-BF4B-00C04F79EFBC}") = "KINO SVETLINA", "KINO SVETLINA\KINO SVETLINA.csproj", "{9055291C-CF94-4411-B233-4EC2955400A9}"
EndProject
Global
	GlobalSection(SolutionConfigurationPlatforms) = preSolution
		Debug|Any CPU = Debug|Any CPU
		Release|Any CPU = Release|Any CPU
	EndGlobalSection
	GlobalSection(ProjectConfigurationPlatforms) = postSolution
		{9055291C-CF94-4411-B233-4EC2955400A9}.Debug|Any CPU.ActiveCfg = Debug|Any CPU
		{9055291C-CF94-4411-B233-4EC2955400A9}.Debug|Any CPU.Build.0 = Debug|Any CPU
		{9055291C-CF94-4411-B233-4EC2955400A9}.Release|Any CPU.ActiveCfg = Release|Any CPU
		{9055291C-CF94-4411-B233-4EC2955400A9}.Release|Any CPU.Build.0 = Release|Any CPU
	EndGlobalSection
	GlobalSection(SolutionProperties) = preSolution
		HideSolutionNode = FALSE
	EndGlobalSection
	GlobalSection(ExtensibilityGlobals) = postSolution
		SolutionGuid = {E72029D9-62DF-4B40-8322-69D828CF1E1B}
	EndGlobalSection
EndGlobal
